// !$*UTF8*$!
{
	archiveVersion = 1;
	classes = {
	};
	objectVersion = 46;
	objects = {

/* Begin PBXBuildFile section */
		9F26DC2FD8E0E5AC036666D9 /* Pods_Blocstagram.framework in Frameworks */ = {isa = PBXBuildFile; fileRef = 4E9132A2EDC87C763D44310B /* Pods_Blocstagram.framework */; };
		AA678D901D11C3EE00573788 /* main.m in Sources */ = {isa = PBXBuildFile; fileRef = AA678D8F1D11C3EE00573788 /* main.m */; };
		AA678D931D11C3EE00573788 /* AppDelegate.m in Sources */ = {isa = PBXBuildFile; fileRef = AA678D921D11C3EE00573788 /* AppDelegate.m */; };
		AA678D9B1D11C3EE00573788 /* Assets.xcassets in Resources */ = {isa = PBXBuildFile; fileRef = AA678D9A1D11C3EE00573788 /* Assets.xcassets */; };
		AA678D9E1D11C3EE00573788 /* LaunchScreen.storyboard in Resources */ = {isa = PBXBuildFile; fileRef = AA678D9C1D11C3EE00573788 /* LaunchScreen.storyboard */; };
		AA678DA91D11C3EE00573788 /* BlocstagramTests.m in Sources */ = {isa = PBXBuildFile; fileRef = AA678DA81D11C3EE00573788 /* BlocstagramTests.m */; };
		AA678DB41D11C3EE00573788 /* BlocstagramUITests.m in Sources */ = {isa = PBXBuildFile; fileRef = AA678DB31D11C3EE00573788 /* BlocstagramUITests.m */; };
		AA678DCC1D11C7BA00573788 /* 1.jpg in Resources */ = {isa = PBXBuildFile; fileRef = AA678DC21D11C7BA00573788 /* 1.jpg */; };
		AA678DCD1D11C7BA00573788 /* 2.jpg in Resources */ = {isa = PBXBuildFile; fileRef = AA678DC31D11C7BA00573788 /* 2.jpg */; };
		AA678DCE1D11C7BA00573788 /* 3.jpg in Resources */ = {isa = PBXBuildFile; fileRef = AA678DC41D11C7BA00573788 /* 3.jpg */; };
		AA678DCF1D11C7BA00573788 /* 4.jpg in Resources */ = {isa = PBXBuildFile; fileRef = AA678DC51D11C7BA00573788 /* 4.jpg */; };
		AA678DD01D11C7BA00573788 /* 5.jpg in Resources */ = {isa = PBXBuildFile; fileRef = AA678DC61D11C7BA00573788 /* 5.jpg */; };
		AA678DD11D11C7BA00573788 /* 6.jpg in Resources */ = {isa = PBXBuildFile; fileRef = AA678DC71D11C7BA00573788 /* 6.jpg */; };
		AA678DD21D11C7BA00573788 /* 7.jpg in Resources */ = {isa = PBXBuildFile; fileRef = AA678DC81D11C7BA00573788 /* 7.jpg */; };
		AA678DD31D11C7BA00573788 /* 8.jpg in Resources */ = {isa = PBXBuildFile; fileRef = AA678DC91D11C7BA00573788 /* 8.jpg */; };
		AA678DD41D11C7BA00573788 /* 9.jpg in Resources */ = {isa = PBXBuildFile; fileRef = AA678DCA1D11C7BA00573788 /* 9.jpg */; };
		AA678DD51D11C7BA00573788 /* 10.jpg in Resources */ = {isa = PBXBuildFile; fileRef = AA678DCB1D11C7BA00573788 /* 10.jpg */; };
		AA678DD81D11C7F700573788 /* ImagesTableViewController.m in Sources */ = {isa = PBXBuildFile; fileRef = AA678DD71D11C7F700573788 /* ImagesTableViewController.m */; };
		AA678DDB1D18258F00573788 /* User.m in Sources */ = {isa = PBXBuildFile; fileRef = AA678DDA1D18258F00573788 /* User.m */; };
		AA678DDE1D1826C600573788 /* Media.m in Sources */ = {isa = PBXBuildFile; fileRef = AA678DDD1D1826C600573788 /* Media.m */; };
		AA678DE11D1827D600573788 /* Comment.m in Sources */ = {isa = PBXBuildFile; fileRef = AA678DE01D1827D600573788 /* Comment.m */; };
		AA678DE41D1828AD00573788 /* DataSource.m in Sources */ = {isa = PBXBuildFile; fileRef = AA678DE31D1828AD00573788 /* DataSource.m */; };
		AA678DE71D18458000573788 /* MediaTableViewCell.m in Sources */ = {isa = PBXBuildFile; fileRef = AA678DE61D18458000573788 /* MediaTableViewCell.m */; };
		AA678DED1D1F1C4600573788 /* LoginViewController.m in Sources */ = {isa = PBXBuildFile; fileRef = AA678DEC1D1F1C4600573788 /* LoginViewController.m */; };
		AA9D84D81D33E8B100AD6F92 /* MediaFullScreenViewController.m in Sources */ = {isa = PBXBuildFile; fileRef = AA9D84D71D33E8B100AD6F92 /* MediaFullScreenViewController.m */; };
		AAF2DF731D37EB2E00E64E1B /* CircleSpinnerView.m in Sources */ = {isa = PBXBuildFile; fileRef = AAF2DF721D37EB2E00E64E1B /* CircleSpinnerView.m */; };
		AAF2DF761D37F2DE00E64E1B /* LikeButton.m in Sources */ = {isa = PBXBuildFile; fileRef = AAF2DF751D37F2DE00E64E1B /* LikeButton.m */; };
		AAF2DF791D3930D500E64E1B /* ComposeCommentView.m in Sources */ = {isa = PBXBuildFile; fileRef = AAF2DF781D3930D500E64E1B /* ComposeCommentView.m */; };
/* End PBXBuildFile section */

/* Begin PBXContainerItemProxy section */
		AA678DA51D11C3EE00573788 /* PBXContainerItemProxy */ = {
			isa = PBXContainerItemProxy;
			containerPortal = AA678D831D11C3EE00573788 /* Project object */;
			proxyType = 1;
			remoteGlobalIDString = AA678D8A1D11C3EE00573788;
			remoteInfo = Blocstagram;
		};
		AA678DB01D11C3EE00573788 /* PBXContainerItemProxy */ = {
			isa = PBXContainerItemProxy;
			containerPortal = AA678D831D11C3EE00573788 /* Project object */;
			proxyType = 1;
			remoteGlobalIDString = AA678D8A1D11C3EE00573788;
			remoteInfo = Blocstagram;
		};
/* End PBXContainerItemProxy section */

/* Begin PBXFileReference section */
		3F2D2376EBC5E510F6D27665 /* Pods-Blocstagram.debug.xcconfig */ = {isa = PBXFileReference; includeInIndex = 1; lastKnownFileType = text.xcconfig; name = "Pods-Blocstagram.debug.xcconfig"; path = "Pods/Target Support Files/Pods-Blocstagram/Pods-Blocstagram.debug.xcconfig"; sourceTree = "<group>"; };
		4E9132A2EDC87C763D44310B /* Pods_Blocstagram.framework */ = {isa = PBXFileReference; explicitFileType = wrapper.framework; includeInIndex = 0; path = Pods_Blocstagram.framework; sourceTree = BUILT_PRODUCTS_DIR; };
		AA678D8B1D11C3EE00573788 /* Blocstagram.app */ = {isa = PBXFileReference; explicitFileType = wrapper.application; includeInIndex = 0; path = Blocstagram.app; sourceTree = BUILT_PRODUCTS_DIR; };
		AA678D8F1D11C3EE00573788 /* main.m */ = {isa = PBXFileReference; lastKnownFileType = sourcecode.c.objc; path = main.m; sourceTree = "<group>"; };
		AA678D911D11C3EE00573788 /* AppDelegate.h */ = {isa = PBXFileReference; lastKnownFileType = sourcecode.c.h; path = AppDelegate.h; sourceTree = "<group>"; };
		AA678D921D11C3EE00573788 /* AppDelegate.m */ = {isa = PBXFileReference; lastKnownFileType = sourcecode.c.objc; path = AppDelegate.m; sourceTree = "<group>"; };
		AA678D9A1D11C3EE00573788 /* Assets.xcassets */ = {isa = PBXFileReference; lastKnownFileType = folder.assetcatalog; path = Assets.xcassets; sourceTree = "<group>"; };
		AA678D9D1D11C3EE00573788 /* Base */ = {isa = PBXFileReference; lastKnownFileType = file.storyboard; name = Base; path = Base.lproj/LaunchScreen.storyboard; sourceTree = "<group>"; };
		AA678D9F1D11C3EE00573788 /* Info.plist */ = {isa = PBXFileReference; lastKnownFileType = text.plist.xml; path = Info.plist; sourceTree = "<group>"; };
		AA678DA41D11C3EE00573788 /* BlocstagramTests.xctest */ = {isa = PBXFileReference; explicitFileType = wrapper.cfbundle; includeInIndex = 0; path = BlocstagramTests.xctest; sourceTree = BUILT_PRODUCTS_DIR; };
		AA678DA81D11C3EE00573788 /* BlocstagramTests.m */ = {isa = PBXFileReference; lastKnownFileType = sourcecode.c.objc; path = BlocstagramTests.m; sourceTree = "<group>"; };
		AA678DAA1D11C3EE00573788 /* Info.plist */ = {isa = PBXFileReference; lastKnownFileType = text.plist.xml; path = Info.plist; sourceTree = "<group>"; };
		AA678DAF1D11C3EE00573788 /* BlocstagramUITests.xctest */ = {isa = PBXFileReference; explicitFileType = wrapper.cfbundle; includeInIndex = 0; path = BlocstagramUITests.xctest; sourceTree = BUILT_PRODUCTS_DIR; };
		AA678DB31D11C3EE00573788 /* BlocstagramUITests.m */ = {isa = PBXFileReference; lastKnownFileType = sourcecode.c.objc; path = BlocstagramUITests.m; sourceTree = "<group>"; };
		AA678DB51D11C3EE00573788 /* Info.plist */ = {isa = PBXFileReference; lastKnownFileType = text.plist.xml; path = Info.plist; sourceTree = "<group>"; };
		AA678DC21D11C7BA00573788 /* 1.jpg */ = {isa = PBXFileReference; lastKnownFileType = image.jpeg; path = 1.jpg; sourceTree = "<group>"; };
		AA678DC31D11C7BA00573788 /* 2.jpg */ = {isa = PBXFileReference; lastKnownFileType = image.jpeg; path = 2.jpg; sourceTree = "<group>"; };
		AA678DC41D11C7BA00573788 /* 3.jpg */ = {isa = PBXFileReference; lastKnownFileType = image.jpeg; path = 3.jpg; sourceTree = "<group>"; };
		AA678DC51D11C7BA00573788 /* 4.jpg */ = {isa = PBXFileReference; lastKnownFileType = image.jpeg; path = 4.jpg; sourceTree = "<group>"; };
		AA678DC61D11C7BA00573788 /* 5.jpg */ = {isa = PBXFileReference; lastKnownFileType = image.jpeg; path = 5.jpg; sourceTree = "<group>"; };
		AA678DC71D11C7BA00573788 /* 6.jpg */ = {isa = PBXFileReference; lastKnownFileType = image.jpeg; path = 6.jpg; sourceTree = "<group>"; };
		AA678DC81D11C7BA00573788 /* 7.jpg */ = {isa = PBXFileReference; lastKnownFileType = image.jpeg; path = 7.jpg; sourceTree = "<group>"; };
		AA678DC91D11C7BA00573788 /* 8.jpg */ = {isa = PBXFileReference; lastKnownFileType = image.jpeg; path = 8.jpg; sourceTree = "<group>"; };
		AA678DCA1D11C7BA00573788 /* 9.jpg */ = {isa = PBXFileReference; lastKnownFileType = image.jpeg; path = 9.jpg; sourceTree = "<group>"; };
		AA678DCB1D11C7BA00573788 /* 10.jpg */ = {isa = PBXFileReference; lastKnownFileType = image.jpeg; path = 10.jpg; sourceTree = "<group>"; };
		AA678DD61D11C7F700573788 /* ImagesTableViewController.h */ = {isa = PBXFileReference; fileEncoding = 4; lastKnownFileType = sourcecode.c.h; path = ImagesTableViewController.h; sourceTree = "<group>"; };
		AA678DD71D11C7F700573788 /* ImagesTableViewController.m */ = {isa = PBXFileReference; fileEncoding = 4; lastKnownFileType = sourcecode.c.objc; path = ImagesTableViewController.m; sourceTree = "<group>"; };
		AA678DD91D18258F00573788 /* User.h */ = {isa = PBXFileReference; fileEncoding = 4; lastKnownFileType = sourcecode.c.h; path = User.h; sourceTree = "<group>"; };
		AA678DDA1D18258F00573788 /* User.m */ = {isa = PBXFileReference; fileEncoding = 4; lastKnownFileType = sourcecode.c.objc; path = User.m; sourceTree = "<group>"; };
		AA678DDC1D1826C600573788 /* Media.h */ = {isa = PBXFileReference; fileEncoding = 4; lastKnownFileType = sourcecode.c.h; path = Media.h; sourceTree = "<group>"; };
		AA678DDD1D1826C600573788 /* Media.m */ = {isa = PBXFileReference; fileEncoding = 4; lastKnownFileType = sourcecode.c.objc; path = Media.m; sourceTree = "<group>"; };
		AA678DDF1D1827D600573788 /* Comment.h */ = {isa = PBXFileReference; fileEncoding = 4; lastKnownFileType = sourcecode.c.h; path = Comment.h; sourceTree = "<group>"; };
		AA678DE01D1827D600573788 /* Comment.m */ = {isa = PBXFileReference; fileEncoding = 4; lastKnownFileType = sourcecode.c.objc; path = Comment.m; sourceTree = "<group>"; };
		AA678DE21D1828AD00573788 /* DataSource.h */ = {isa = PBXFileReference; fileEncoding = 4; lastKnownFileType = sourcecode.c.h; path = DataSource.h; sourceTree = "<group>"; };
		AA678DE31D1828AD00573788 /* DataSource.m */ = {isa = PBXFileReference; fileEncoding = 4; lastKnownFileType = sourcecode.c.objc; path = DataSource.m; sourceTree = "<group>"; };
		AA678DE51D18458000573788 /* MediaTableViewCell.h */ = {isa = PBXFileReference; fileEncoding = 4; lastKnownFileType = sourcecode.c.h; path = MediaTableViewCell.h; sourceTree = "<group>"; };
		AA678DE61D18458000573788 /* MediaTableViewCell.m */ = {isa = PBXFileReference; fileEncoding = 4; lastKnownFileType = sourcecode.c.objc; path = MediaTableViewCell.m; sourceTree = "<group>"; };
		AA678DEB1D1F1C4600573788 /* LoginViewController.h */ = {isa = PBXFileReference; fileEncoding = 4; lastKnownFileType = sourcecode.c.h; path = LoginViewController.h; sourceTree = "<group>"; };
		AA678DEC1D1F1C4600573788 /* LoginViewController.m */ = {isa = PBXFileReference; fileEncoding = 4; lastKnownFileType = sourcecode.c.objc; path = LoginViewController.m; sourceTree = "<group>"; };
		AA9D84D61D33E8B100AD6F92 /* MediaFullScreenViewController.h */ = {isa = PBXFileReference; fileEncoding = 4; lastKnownFileType = sourcecode.c.h; path = MediaFullScreenViewController.h; sourceTree = "<group>"; };
		AA9D84D71D33E8B100AD6F92 /* MediaFullScreenViewController.m */ = {isa = PBXFileReference; fileEncoding = 4; lastKnownFileType = sourcecode.c.objc; path = MediaFullScreenViewController.m; sourceTree = "<group>"; };
		AAF2DF711D37EB2E00E64E1B /* CircleSpinnerView.h */ = {isa = PBXFileReference; fileEncoding = 4; lastKnownFileType = sourcecode.c.h; path = CircleSpinnerView.h; sourceTree = "<group>"; };
		AAF2DF721D37EB2E00E64E1B /* CircleSpinnerView.m */ = {isa = PBXFileReference; fileEncoding = 4; lastKnownFileType = sourcecode.c.objc; path = CircleSpinnerView.m; sourceTree = "<group>"; };
		AAF2DF741D37F2DE00E64E1B /* LikeButton.h */ = {isa = PBXFileReference; fileEncoding = 4; lastKnownFileType = sourcecode.c.h; path = LikeButton.h; sourceTree = "<group>"; };
		AAF2DF751D37F2DE00E64E1B /* LikeButton.m */ = {isa = PBXFileReference; fileEncoding = 4; lastKnownFileType = sourcecode.c.objc; path = LikeButton.m; sourceTree = "<group>"; };
		AAF2DF771D3930D500E64E1B /* ComposeCommentView.h */ = {isa = PBXFileReference; fileEncoding = 4; lastKnownFileType = sourcecode.c.h; path = ComposeCommentView.h; sourceTree = "<group>"; };
		AAF2DF781D3930D500E64E1B /* ComposeCommentView.m */ = {isa = PBXFileReference; fileEncoding = 4; lastKnownFileType = sourcecode.c.objc; path = ComposeCommentView.m; sourceTree = "<group>"; };
		F847A22DC3233BB7265D5A3D /* Pods-Blocstagram.release.xcconfig */ = {isa = PBXFileReference; includeInIndex = 1; lastKnownFileType = text.xcconfig; name = "Pods-Blocstagram.release.xcconfig"; path = "Pods/Target Support Files/Pods-Blocstagram/Pods-Blocstagram.release.xcconfig"; sourceTree = "<group>"; };
/* End PBXFileReference section */

/* Begin PBXFrameworksBuildPhase section */
		AA678D881D11C3EE00573788 /* Frameworks */ = {
			isa = PBXFrameworksBuildPhase;
			buildActionMask = 2147483647;
			files = (
				9F26DC2FD8E0E5AC036666D9 /* Pods_Blocstagram.framework in Frameworks */,
			);
			runOnlyForDeploymentPostprocessing = 0;
		};
		AA678DA11D11C3EE00573788 /* Frameworks */ = {
			isa = PBXFrameworksBuildPhase;
			buildActionMask = 2147483647;
			files = (
			);
			runOnlyForDeploymentPostprocessing = 0;
		};
		AA678DAC1D11C3EE00573788 /* Frameworks */ = {
			isa = PBXFrameworksBuildPhase;
			buildActionMask = 2147483647;
			files = (
			);
			runOnlyForDeploymentPostprocessing = 0;
		};
/* End PBXFrameworksBuildPhase section */

/* Begin PBXGroup section */
		25825DB2374B42811FB8E0A0 /* Pods */ = {
			isa = PBXGroup;
			children = (
				3F2D2376EBC5E510F6D27665 /* Pods-Blocstagram.debug.xcconfig */,
				F847A22DC3233BB7265D5A3D /* Pods-Blocstagram.release.xcconfig */,
			);
			name = Pods;
			sourceTree = "<group>";
		};
		AA678D821D11C3EE00573788 = {
			isa = PBXGroup;
			children = (
				AA678D8D1D11C3EE00573788 /* Blocstagram */,
				AA678DA71D11C3EE00573788 /* BlocstagramTests */,
				AA678DB21D11C3EE00573788 /* BlocstagramUITests */,
				AA678D8C1D11C3EE00573788 /* Products */,
				25825DB2374B42811FB8E0A0 /* Pods */,
				DC5081D7A76EF581A52A0395 /* Frameworks */,
			);
			sourceTree = "<group>";
		};
		AA678D8C1D11C3EE00573788 /* Products */ = {
			isa = PBXGroup;
			children = (
				AA678D8B1D11C3EE00573788 /* Blocstagram.app */,
				AA678DA41D11C3EE00573788 /* BlocstagramTests.xctest */,
				AA678DAF1D11C3EE00573788 /* BlocstagramUITests.xctest */,
			);
			name = Products;
			sourceTree = "<group>";
		};
		AA678D8D1D11C3EE00573788 /* Blocstagram */ = {
			isa = PBXGroup;
			children = (
				AA678DC11D11C76400573788 /* images */,
				AA678D911D11C3EE00573788 /* AppDelegate.h */,
				AA678D921D11C3EE00573788 /* AppDelegate.m */,
				AA678DD61D11C7F700573788 /* ImagesTableViewController.h */,
				AA678DD71D11C7F700573788 /* ImagesTableViewController.m */,
				AA678DE51D18458000573788 /* MediaTableViewCell.h */,
				AA678DE61D18458000573788 /* MediaTableViewCell.m */,
				AA9D84D61D33E8B100AD6F92 /* MediaFullScreenViewController.h */,
				AA9D84D71D33E8B100AD6F92 /* MediaFullScreenViewController.m */,
				AA678DEB1D1F1C4600573788 /* LoginViewController.h */,
				AA678DEC1D1F1C4600573788 /* LoginViewController.m */,
				AAF2DF711D37EB2E00E64E1B /* CircleSpinnerView.h */,
				AAF2DF721D37EB2E00E64E1B /* CircleSpinnerView.m */,
				AAF2DF741D37F2DE00E64E1B /* LikeButton.h */,
				AAF2DF751D37F2DE00E64E1B /* LikeButton.m */,
				AAF2DF771D3930D500E64E1B /* ComposeCommentView.h */,
				AAF2DF781D3930D500E64E1B /* ComposeCommentView.m */,
				AA678DDC1D1826C600573788 /* Media.h */,
				AA678DDD1D1826C600573788 /* Media.m */,
				AA678DDF1D1827D600573788 /* Comment.h */,
				AA678DE01D1827D600573788 /* Comment.m */,
				AA678DE21D1828AD00573788 /* DataSource.h */,
				AA678DE31D1828AD00573788 /* DataSource.m */,
				AA678DD91D18258F00573788 /* User.h */,
				AA678DDA1D18258F00573788 /* User.m */,
				AA678D9A1D11C3EE00573788 /* Assets.xcassets */,
				AA678D9C1D11C3EE00573788 /* LaunchScreen.storyboard */,
				AA678D9F1D11C3EE00573788 /* Info.plist */,
				AA678D8E1D11C3EE00573788 /* Supporting Files */,
			);
			path = Blocstagram;
			sourceTree = "<group>";
		};
		AA678D8E1D11C3EE00573788 /* Supporting Files */ = {
			isa = PBXGroup;
			children = (
				AA678D8F1D11C3EE00573788 /* main.m */,
			);
			name = "Supporting Files";
			sourceTree = "<group>";
		};
		AA678DA71D11C3EE00573788 /* BlocstagramTests */ = {
			isa = PBXGroup;
			children = (
				AA678DA81D11C3EE00573788 /* BlocstagramTests.m */,
				AA678DAA1D11C3EE00573788 /* Info.plist */,
			);
			path = BlocstagramTests;
			sourceTree = "<group>";
		};
		AA678DB21D11C3EE00573788 /* BlocstagramUITests */ = {
			isa = PBXGroup;
			children = (
				AA678DB31D11C3EE00573788 /* BlocstagramUITests.m */,
				AA678DB51D11C3EE00573788 /* Info.plist */,
			);
			path = BlocstagramUITests;
			sourceTree = "<group>";
		};
		AA678DC11D11C76400573788 /* images */ = {
			isa = PBXGroup;
			children = (
				AA678DC21D11C7BA00573788 /* 1.jpg */,
				AA678DC31D11C7BA00573788 /* 2.jpg */,
				AA678DC41D11C7BA00573788 /* 3.jpg */,
				AA678DC51D11C7BA00573788 /* 4.jpg */,
				AA678DC61D11C7BA00573788 /* 5.jpg */,
				AA678DC71D11C7BA00573788 /* 6.jpg */,
				AA678DC81D11C7BA00573788 /* 7.jpg */,
				AA678DC91D11C7BA00573788 /* 8.jpg */,
				AA678DCA1D11C7BA00573788 /* 9.jpg */,
				AA678DCB1D11C7BA00573788 /* 10.jpg */,
			);
			name = images;
			sourceTree = "<group>";
		};
		DC5081D7A76EF581A52A0395 /* Frameworks */ = {
			isa = PBXGroup;
			children = (
				4E9132A2EDC87C763D44310B /* Pods_Blocstagram.framework */,
			);
			name = Frameworks;
			sourceTree = "<group>";
		};
/* End PBXGroup section */

/* Begin PBXNativeTarget section */
		AA678D8A1D11C3EE00573788 /* Blocstagram */ = {
			isa = PBXNativeTarget;
			buildConfigurationList = AA678DB81D11C3EE00573788 /* Build configuration list for PBXNativeTarget "Blocstagram" */;
			buildPhases = (
				D4F639441AAC541E84ACA3D9 /* [CP] Check Pods Manifest.lock */,
				AA678D871D11C3EE00573788 /* Sources */,
				AA678D881D11C3EE00573788 /* Frameworks */,
				AA678D891D11C3EE00573788 /* Resources */,
				5729D65F7C9347AFFC317DD3 /* [CP] Embed Pods Frameworks */,
				4894F5D96D71ABCB8B1BC812 /* [CP] Copy Pods Resources */,
			);
			buildRules = (
			);
			dependencies = (
			);
			name = Blocstagram;
			productName = Blocstagram;
			productReference = AA678D8B1D11C3EE00573788 /* Blocstagram.app */;
			productType = "com.apple.product-type.application";
		};
		AA678DA31D11C3EE00573788 /* BlocstagramTests */ = {
			isa = PBXNativeTarget;
			buildConfigurationList = AA678DBB1D11C3EE00573788 /* Build configuration list for PBXNativeTarget "BlocstagramTests" */;
			buildPhases = (
				AA678DA01D11C3EE00573788 /* Sources */,
				AA678DA11D11C3EE00573788 /* Frameworks */,
				AA678DA21D11C3EE00573788 /* Resources */,
			);
			buildRules = (
			);
			dependencies = (
				AA678DA61D11C3EE00573788 /* PBXTargetDependency */,
			);
			name = BlocstagramTests;
			productName = BlocstagramTests;
			productReference = AA678DA41D11C3EE00573788 /* BlocstagramTests.xctest */;
			productType = "com.apple.product-type.bundle.unit-test";
		};
		AA678DAE1D11C3EE00573788 /* BlocstagramUITests */ = {
			isa = PBXNativeTarget;
			buildConfigurationList = AA678DBE1D11C3EE00573788 /* Build configuration list for PBXNativeTarget "BlocstagramUITests" */;
			buildPhases = (
				AA678DAB1D11C3EE00573788 /* Sources */,
				AA678DAC1D11C3EE00573788 /* Frameworks */,
				AA678DAD1D11C3EE00573788 /* Resources */,
			);
			buildRules = (
			);
			dependencies = (
				AA678DB11D11C3EE00573788 /* PBXTargetDependency */,
			);
			name = BlocstagramUITests;
			productName = BlocstagramUITests;
			productReference = AA678DAF1D11C3EE00573788 /* BlocstagramUITests.xctest */;
			productType = "com.apple.product-type.bundle.ui-testing";
		};
/* End PBXNativeTarget section */

/* Begin PBXProject section */
		AA678D831D11C3EE00573788 /* Project object */ = {
			isa = PBXProject;
			attributes = {
				LastUpgradeCheck = 0730;
				ORGANIZATIONNAME = Lmusto;
				TargetAttributes = {
					AA678D8A1D11C3EE00573788 = {
						CreatedOnToolsVersion = 7.3.1;
					};
					AA678DA31D11C3EE00573788 = {
						CreatedOnToolsVersion = 7.3.1;
						TestTargetID = AA678D8A1D11C3EE00573788;
					};
					AA678DAE1D11C3EE00573788 = {
						CreatedOnToolsVersion = 7.3.1;
						TestTargetID = AA678D8A1D11C3EE00573788;
					};
				};
			};
			buildConfigurationList = AA678D861D11C3EE00573788 /* Build configuration list for PBXProject "Blocstagram" */;
			compatibilityVersion = "Xcode 3.2";
			developmentRegion = English;
			hasScannedForEncodings = 0;
			knownRegions = (
				en,
				Base,
			);
			mainGroup = AA678D821D11C3EE00573788;
			productRefGroup = AA678D8C1D11C3EE00573788 /* Products */;
			projectDirPath = "";
			projectRoot = "";
			targets = (
				AA678D8A1D11C3EE00573788 /* Blocstagram */,
				AA678DA31D11C3EE00573788 /* BlocstagramTests */,
				AA678DAE1D11C3EE00573788 /* BlocstagramUITests */,
			);
		};
/* End PBXProject section */

/* Begin PBXResourcesBuildPhase section */
		AA678D891D11C3EE00573788 /* Resources */ = {
			isa = PBXResourcesBuildPhase;
			buildActionMask = 2147483647;
			files = (
				AA678DD41D11C7BA00573788 /* 9.jpg in Resources */,
				AA678DD31D11C7BA00573788 /* 8.jpg in Resources */,
				AA678DCF1D11C7BA00573788 /* 4.jpg in Resources */,
				AA678DCE1D11C7BA00573788 /* 3.jpg in Resources */,
				AA678DD11D11C7BA00573788 /* 6.jpg in Resources */,
				AA678DCC1D11C7BA00573788 /* 1.jpg in Resources */,
				AA678D9E1D11C3EE00573788 /* LaunchScreen.storyboard in Resources */,
				AA678DD01D11C7BA00573788 /* 5.jpg in Resources */,
				AA678DD21D11C7BA00573788 /* 7.jpg in Resources */,
				AA678DCD1D11C7BA00573788 /* 2.jpg in Resources */,
				AA678DD51D11C7BA00573788 /* 10.jpg in Resources */,
				AA678D9B1D11C3EE00573788 /* Assets.xcassets in Resources */,
			);
			runOnlyForDeploymentPostprocessing = 0;
		};
		AA678DA21D11C3EE00573788 /* Resources */ = {
			isa = PBXResourcesBuildPhase;
			buildActionMask = 2147483647;
			files = (
			);
			runOnlyForDeploymentPostprocessing = 0;
		};
		AA678DAD1D11C3EE00573788 /* Resources */ = {
			isa = PBXResourcesBuildPhase;
			buildActionMask = 2147483647;
			files = (
			);
			runOnlyForDeploymentPostprocessing = 0;
		};
/* End PBXResourcesBuildPhase section */

/* Begin PBXShellScriptBuildPhase section */
		4894F5D96D71ABCB8B1BC812 /* [CP] Copy Pods Resources */ = {
			isa = PBXShellScriptBuildPhase;
			buildActionMask = 2147483647;
			files = (
			);
			inputPaths = (
			);
			name = "[CP] Copy Pods Resources";
			outputPaths = (
			);
			runOnlyForDeploymentPostprocessing = 0;
			shellPath = /bin/sh;
			shellScript = "\"${SRCROOT}/Pods/Target Support Files/Pods-Blocstagram/Pods-Blocstagram-resources.sh\"\n";
			showEnvVarsInLog = 0;
		};
		5729D65F7C9347AFFC317DD3 /* [CP] Embed Pods Frameworks */ = {
			isa = PBXShellScriptBuildPhase;
			buildActionMask = 2147483647;
			files = (
			);
			inputPaths = (
			);
			name = "[CP] Embed Pods Frameworks";
			outputPaths = (
			);
			runOnlyForDeploymentPostprocessing = 0;
			shellPath = /bin/sh;
			shellScript = "\"${SRCROOT}/Pods/Target Support Files/Pods-Blocstagram/Pods-Blocstagram-frameworks.sh\"\n";
			showEnvVarsInLog = 0;
		};
		D4F639441AAC541E84ACA3D9 /* [CP] Check Pods Manifest.lock */ = {
			isa = PBXShellScriptBuildPhase;
			buildActionMask = 2147483647;
			files = (
			);
			inputPaths = (
			);
			name = "[CP] Check Pods Manifest.lock";
			outputPaths = (
			);
			runOnlyForDeploymentPostprocessing = 0;
			shellPath = /bin/sh;
			shellScript = "diff \"${PODS_ROOT}/../Podfile.lock\" \"${PODS_ROOT}/Manifest.lock\" > /dev/null\nif [[ $? != 0 ]] ; then\n    cat << EOM\nerror: The sandbox is not in sync with the Podfile.lock. Run 'pod install' or update your CocoaPods installation.\nEOM\n    exit 1\nfi\n";
			showEnvVarsInLog = 0;
		};
/* End PBXShellScriptBuildPhase section */

/* Begin PBXSourcesBuildPhase section */
		AA678D871D11C3EE00573788 /* Sources */ = {
			isa = PBXSourcesBuildPhase;
			buildActionMask = 2147483647;
			files = (
				AA9D84D81D33E8B100AD6F92 /* MediaFullScreenViewController.m in Sources */,
				AAF2DF731D37EB2E00E64E1B /* CircleSpinnerView.m in Sources */,
				AA678DDB1D18258F00573788 /* User.m in Sources */,
				AA678DE11D1827D600573788 /* Comment.m in Sources */,
				AA678DE71D18458000573788 /* MediaTableViewCell.m in Sources */,
				AA678DDE1D1826C600573788 /* Media.m in Sources */,
				AA678D931D11C3EE00573788 /* AppDelegate.m in Sources */,
				AA678DED1D1F1C4600573788 /* LoginViewController.m in Sources */,
				AAF2DF761D37F2DE00E64E1B /* LikeButton.m in Sources */,
				AA678DE41D1828AD00573788 /* DataSource.m in Sources */,
				AAF2DF791D3930D500E64E1B /* ComposeCommentView.m in Sources */,
				AA678D901D11C3EE00573788 /* main.m in Sources */,
				AA678DD81D11C7F700573788 /* ImagesTableViewController.m in Sources */,
			);
			runOnlyForDeploymentPostprocessing = 0;
		};
		AA678DA01D11C3EE00573788 /* Sources */ = {
			isa = PBXSourcesBuildPhase;
			buildActionMask = 2147483647;
			files = (
				AA678DA91D11C3EE00573788 /* BlocstagramTests.m in Sources */,
			);
			runOnlyForDeploymentPostprocessing = 0;
		};
		AA678DAB1D11C3EE00573788 /* Sources */ = {
			isa = PBXSourcesBuildPhase;
			buildActionMask = 2147483647;
			files = (
				AA678DB41D11C3EE00573788 /* BlocstagramUITests.m in Sources */,
			);
			runOnlyForDeploymentPostprocessing = 0;
		};
/* End PBXSourcesBuildPhase section */

/* Begin PBXTargetDependency section */
		AA678DA61D11C3EE00573788 /* PBXTargetDependency */ = {
			isa = PBXTargetDependency;
			target = AA678D8A1D11C3EE00573788 /* Blocstagram */;
			targetProxy = AA678DA51D11C3EE00573788 /* PBXContainerItemProxy */;
		};
		AA678DB11D11C3EE00573788 /* PBXTargetDependency */ = {
			isa = PBXTargetDependency;
			target = AA678D8A1D11C3EE00573788 /* Blocstagram */;
			targetProxy = AA678DB01D11C3EE00573788 /* PBXContainerItemProxy */;
		};
/* End PBXTargetDependency section */

/* Begin PBXVariantGroup section */
		AA678D9C1D11C3EE00573788 /* LaunchScreen.storyboard */ = {
			isa = PBXVariantGroup;
			children = (
				AA678D9D1D11C3EE00573788 /* Base */,
			);
			name = LaunchScreen.storyboard;
			sourceTree = "<group>";
		};
/* End PBXVariantGroup section */

/* Begin XCBuildConfiguration section */
		AA678DB61D11C3EE00573788 /* Debug */ = {
			isa = XCBuildConfiguration;
			buildSettings = {
				ALWAYS_SEARCH_USER_PATHS = NO;
				CLANG_ANALYZER_NONNULL = YES;
				CLANG_CXX_LANGUAGE_STANDARD = "gnu++0x";
				CLANG_CXX_LIBRARY = "libc++";
				CLANG_ENABLE_MODULES = YES;
				CLANG_ENABLE_OBJC_ARC = YES;
				CLANG_WARN_BOOL_CONVERSION = YES;
				CLANG_WARN_CONSTANT_CONVERSION = YES;
				CLANG_WARN_DIRECT_OBJC_ISA_USAGE = YES_ERROR;
				CLANG_WARN_EMPTY_BODY = YES;
				CLANG_WARN_ENUM_CONVERSION = YES;
				CLANG_WARN_INT_CONVERSION = YES;
				CLANG_WARN_OBJC_ROOT_CLASS = YES_ERROR;
				CLANG_WARN_UNREACHABLE_CODE = YES;
				CLANG_WARN__DUPLICATE_METHOD_MATCH = YES;
				"CODE_SIGN_IDENTITY[sdk=iphoneos*]" = "iPhone Developer";
				COPY_PHASE_STRIP = NO;
				DEBUG_INFORMATION_FORMAT = dwarf;
				ENABLE_STRICT_OBJC_MSGSEND = YES;
				ENABLE_TESTABILITY = YES;
				GCC_C_LANGUAGE_STANDARD = gnu99;
				GCC_DYNAMIC_NO_PIC = NO;
				GCC_NO_COMMON_BLOCKS = YES;
				GCC_OPTIMIZATION_LEVEL = 0;
				GCC_PREPROCESSOR_DEFINITIONS = (
					"DEBUG=1",
					"$(inherited)",
				);
				GCC_WARN_64_TO_32_BIT_CONVERSION = YES;
				GCC_WARN_ABOUT_RETURN_TYPE = YES_ERROR;
				GCC_WARN_UNDECLARED_SELECTOR = YES;
				GCC_WARN_UNINITIALIZED_AUTOS = YES_AGGRESSIVE;
				GCC_WARN_UNUSED_FUNCTION = YES;
				GCC_WARN_UNUSED_VARIABLE = YES;
				IPHONEOS_DEPLOYMENT_TARGET = 9.3;
				MTL_ENABLE_DEBUG_INFO = YES;
				ONLY_ACTIVE_ARCH = YES;
				SDKROOT = iphoneos;
				TARGETED_DEVICE_FAMILY = "1,2";
			};
			name = Debug;
		};
		AA678DB71D11C3EE00573788 /* Release */ = {
			isa = XCBuildConfiguration;
			buildSettings = {
				ALWAYS_SEARCH_USER_PATHS = NO;
				CLANG_ANALYZER_NONNULL = YES;
				CLANG_CXX_LANGUAGE_STANDARD = "gnu++0x";
				CLANG_CXX_LIBRARY = "libc++";
				CLANG_ENABLE_MODULES = YES;
				CLANG_ENABLE_OBJC_ARC = YES;
				CLANG_WARN_BOOL_CONVERSION = YES;
				CLANG_WARN_CONSTANT_CONVERSION = YES;
				CLANG_WARN_DIRECT_OBJC_ISA_USAGE = YES_ERROR;
				CLANG_WARN_EMPTY_BODY = YES;
				CLANG_WARN_ENUM_CONVERSION = YES;
				CLANG_WARN_INT_CONVERSION = YES;
				CLANG_WARN_OBJC_ROOT_CLASS = YES_ERROR;
				CLANG_WARN_UNREACHABLE_CODE = YES;
				CLANG_WARN__DUPLICATE_METHOD_MATCH = YES;
				"CODE_SIGN_IDENTITY[sdk=iphoneos*]" = "iPhone Developer";
				COPY_PHASE_STRIP = NO;
				DEBUG_INFORMATION_FORMAT = "dwarf-with-dsym";
				ENABLE_NS_ASSERTIONS = NO;
				ENABLE_STRICT_OBJC_MSGSEND = YES;
				GCC_C_LANGUAGE_STANDARD = gnu99;
				GCC_NO_COMMON_BLOCKS = YES;
				GCC_WARN_64_TO_32_BIT_CONVERSION = YES;
				GCC_WARN_ABOUT_RETURN_TYPE = YES_ERROR;
				GCC_WARN_UNDECLARED_SELECTOR = YES;
				GCC_WARN_UNINITIALIZED_AUTOS = YES_AGGRESSIVE;
				GCC_WARN_UNUSED_FUNCTION = YES;
				GCC_WARN_UNUSED_VARIABLE = YES;
				IPHONEOS_DEPLOYMENT_TARGET = 9.3;
				MTL_ENABLE_DEBUG_INFO = NO;
				SDKROOT = iphoneos;
				TARGETED_DEVICE_FAMILY = "1,2";
				VALIDATE_PRODUCT = YES;
			};
			name = Release;
		};
		AA678DB91D11C3EE00573788 /* Debug */ = {
			isa = XCBuildConfiguration;
			baseConfigurationReference = 3F2D2376EBC5E510F6D27665 /* Pods-Blocstagram.debug.xcconfig */;
			buildSettings = {
				ASSETCATALOG_COMPILER_APPICON_NAME = AppIcon;
				INFOPLIST_FILE = Blocstagram/Info.plist;
				LD_RUNPATH_SEARCH_PATHS = "$(inherited) @executable_path/Frameworks";
				PRODUCT_BUNDLE_IDENTIFIER = com.Lmusto.Blocstagram;
				PRODUCT_NAME = "$(TARGET_NAME)";
			};
			name = Debug;
		};
		AA678DBA1D11C3EE00573788 /* Release */ = {
			isa = XCBuildConfiguration;
			baseConfigurationReference = F847A22DC3233BB7265D5A3D /* Pods-Blocstagram.release.xcconfig */;
			buildSettings = {
				ASSETCATALOG_COMPILER_APPICON_NAME = AppIcon;
				INFOPLIST_FILE = Blocstagram/Info.plist;
				LD_RUNPATH_SEARCH_PATHS = "$(inherited) @executable_path/Frameworks";
				PRODUCT_BUNDLE_IDENTIFIER = com.Lmusto.Blocstagram;
				PRODUCT_NAME = "$(TARGET_NAME)";
			};
			name = Release;
		};
		AA678DBC1D11C3EE00573788 /* Debug */ = {
			isa = XCBuildConfiguration;
			buildSettings = {
				BUNDLE_LOADER = "$(TEST_HOST)";
				INFOPLIST_FILE = BlocstagramTests/Info.plist;
				LD_RUNPATH_SEARCH_PATHS = "$(inherited) @executable_path/Frameworks @loader_path/Frameworks";
				PRODUCT_BUNDLE_IDENTIFIER = com.Lmusto.BlocstagramTests;
				PRODUCT_NAME = "$(TARGET_NAME)";
				TEST_HOST = "$(BUILT_PRODUCTS_DIR)/Blocstagram.app/Blocstagram";
			};
			name = Debug;
		};
		AA678DBD1D11C3EE00573788 /* Release */ = {
			isa = XCBuildConfiguration;
			buildSettings = {
				BUNDLE_LOADER = "$(TEST_HOST)";
				INFOPLIST_FILE = BlocstagramTests/Info.plist;
				LD_RUNPATH_SEARCH_PATHS = "$(inherited) @executable_path/Frameworks @loader_path/Frameworks";
				PRODUCT_BUNDLE_IDENTIFIER = com.Lmusto.BlocstagramTests;
				PRODUCT_NAME = "$(TARGET_NAME)";
				TEST_HOST = "$(BUILT_PRODUCTS_DIR)/Blocstagram.app/Blocstagram";
			};
			name = Release;
		};
		AA678DBF1D11C3EE00573788 /* Debug */ = {
			isa = XCBuildConfiguration;
			buildSettings = {
				INFOPLIST_FILE = BlocstagramUITests/Info.plist;
				LD_RUNPATH_SEARCH_PATHS = "$(inherited) @executable_path/Frameworks @loader_path/Frameworks";
				PRODUCT_BUNDLE_IDENTIFIER = com.Lmusto.BlocstagramUITests;
				PRODUCT_NAME = "$(TARGET_NAME)";
				TEST_TARGET_NAME = Blocstagram;
			};
			name = Debug;
		};
		AA678DC01D11C3EE00573788 /* Release */ = {
			isa = XCBuildConfiguration;
			buildSettings = {
				INFOPLIST_FILE = BlocstagramUITests/Info.plist;
				LD_RUNPATH_SEARCH_PATHS = "$(inherited) @executable_path/Frameworks @loader_path/Frameworks";
				PRODUCT_BUNDLE_IDENTIFIER = com.Lmusto.BlocstagramUITests;
				PRODUCT_NAME = "$(TARGET_NAME)";
				TEST_TARGET_NAME = Blocstagram;
			};
			name = Release;
		};
/* End XCBuildConfiguration section */

/* Begin XCConfigurationList section */
		AA678D861D11C3EE00573788 /* Build configuration list for PBXProject "Blocstagram" */ = {
			isa = XCConfigurationList;
			buildConfigurations = (
				AA678DB61D11C3EE00573788 /* Debug */,
				AA678DB71D11C3EE00573788 /* Release */,
			);
			defaultConfigurationIsVisible = 0;
			defaultConfigurationName = Release;
		};
		AA678DB81D11C3EE00573788 /* Build configuration list for PBXNativeTarget "Blocstagram" */ = {
			isa = XCConfigurationList;
			buildConfigurations = (
				AA678DB91D11C3EE00573788 /* Debug */,
				AA678DBA1D11C3EE00573788 /* Release */,
			);
			defaultConfigurationIsVisible = 0;
			defaultConfigurationName = Release;
		};
		AA678DBB1D11C3EE00573788 /* Build configuration list for PBXNativeTarget "BlocstagramTests" */ = {
			isa = XCConfigurationList;
			buildConfigurations = (
				AA678DBC1D11C3EE00573788 /* Debug */,
				AA678DBD1D11C3EE00573788 /* Release */,
			);
			defaultConfigurationIsVisible = 0;
			defaultConfigurationName = Release;
		};
		AA678DBE1D11C3EE00573788 /* Build configuration list for PBXNativeTarget "BlocstagramUITests" */ = {
			isa = XCConfigurationList;
			buildConfigurations = (
				AA678DBF1D11C3EE00573788 /* Debug */,
				AA678DC01D11C3EE00573788 /* Release */,
			);
			defaultConfigurationIsVisible = 0;
			defaultConfigurationName = Release;
		};
/* End XCConfigurationList section */
	};
	rootObject = AA678D831D11C3EE00573788 /* Project object */;
}
